<?xml version="1.0" encoding="utf-8"?>
<Project ToolsVersion="4.0" xmlns="http://schemas.microsoft.com/developer/msbuild/2003">
  <ItemGroup>
    <Filter Include="Source Files">
      <UniqueIdentifier>{4FC737F1-C7A5-4376-A066-2A32D752A2FF}</UniqueIdentifier>
      <Extensions>cpp;c;cc;cxx;c++;cppm;ixx;def;odl;idl;hpj;bat;asm;asmx</Extensions>
    </Filter>
    <Filter Include="Header Files">
      <UniqueIdentifier>{93995380-89BD-4b04-88EB-625FBE52EBFB}</UniqueIdentifier>
      <Extensions>h;hh;hpp;hxx;h++;hm;inl;inc;ipp;xsd</Extensions>
    </Filter>
    <Filter Include="Resource Files">
      <UniqueIdentifier>{67DA6AB6-F800-4c08-8B7A-83BB121AAD01}</UniqueIdentifier>
      <Extensions>rc;ico;cur;bmp;dlg;rc2;rct;bin;rgs;gif;jpg;jpeg;jpe;resx;tiff;tif;png;wav;mfcribbon-ms</Extensions>
    </Filter>
    <Filter Include="Source Files\Shader">
      <UniqueIdentifier>{22e0abf4-f9b1-4c7d-92cd-daee1ac5bdef}</UniqueIdentifier>
    </Filter>
    <Filter Include="Source Files\Shaders">
      <UniqueIdentifier>{165d72d6-662e-411e-9cd0-d6b44e2fb1b4}</UniqueIdentifier>
    </Filter>
    <Filter Include="Source Files\Model">
      <UniqueIdentifier>{28b49588-441d-467a-ad77-31f07162ede4}</UniqueIdentifier>
    </Filter>
  </ItemGroup>
  <ItemGroup>
    <ClCompile Include="Source.cpp">
      <Filter>Source Files</Filter>
    </ClCompile>
    <ClCompile Include="Libraries\GLAD\src\glad.c">
      <Filter>Source Files</Filter>
    </ClCompile>
    <ClCompile Include="Shader.cpp">
      <Filter>Source Files\Shader</Filter>
    </ClCompile>
    <ClCompile Include="Model.cpp">
      <Filter>Source Files\Model</Filter>
    </ClCompile>
  </ItemGroup>
  <ItemGroup>
    <ClInclude Include="Shader.h">
      <Filter>Source Files\Shader</Filter>
    </ClInclude>
    <ClInclude Include="Model.h">
      <Filter>Source Files\Model</Filter>
    </ClInclude>
  </ItemGroup>
  <ItemGroup>
    <None Include="chapter02s01.vert">
      <Filter>Source Files\Shaders</Filter>
    </None>
    <None Include="chapter02s01.frag">
      <Filter>Source Files\Shaders</Filter>
    </None>
    <None Include="chapter02s02.vert">
      <Filter>Source Files\Shaders</Filter>
    </None>
    <None Include="chapter03s01.vert">
      <Filter>Source Files\Shaders</Filter>
    </None>
    <None Include="chapter03s01.frag">
      <Filter>Source Files\Shaders</Filter>
    </None>
    <None Include="chapter03s01.tesc">
      <Filter>Source Files\Shaders</Filter>
    </None>
    <None Include="chapter03s01.tese">
      <Filter>Source Files\Shaders</Filter>
    </None>
    <None Include="chapter03s01.geom">
      <Filter>Source Files\Shaders</Filter>
    </None>
    <None Include="chapter03s02.frag">
      <Filter>Source Files\Shaders</Filter>
    </None>
    <None Include="chapter03s02.vert">
      <Filter>Source Files\Shaders</Filter>
    </None>
    <None Include="chapter03s03.frag">
      <Filter>Source Files\Shaders</Filter>
    </None>
    <None Include="chapter05s01.vert">
      <Filter>Source Files\Shaders</Filter>
    </None>
    <None Include="chapter05s01.frag">
      <Filter>Source Files\Shaders</Filter>
    </None>
    <None Include="chapter05s02.vert">
      <Filter>Source Files\Shaders</Filter>
    </None>
    <None Include="chapter05s02.frag">
      <Filter>Source Files\Shaders</Filter>
    </None>
  </ItemGroup>
</Project>